
Microsoft Visual Studio Solution File, Format Version 12.00
# Visual Studio 2017
Project("{FAE04EC0-301F-11D3-BF4B-00C04F79EFBC}") = "PolyJumper", "PolyJumper.csproj", "{67C9C122-67BE-E0B5-66F9-FD2BCB6BD861}"
EndProject
Global
	GlobalSection(SolutionConfigurationPlatforms) = preSolution
		Debug|Any CPU = Debug|Any CPU
		Release|Any CPU = Release|Any CPU
	EndGlobalSection
	GlobalSection(ProjectConfigurationPlatforms) = postSolution
		{67C9C122-67BE-E0B5-66F9-FD2BCB6BD861}.Debug|Any CPU.ActiveCfg = Debug|Any CPU
		{67C9C122-67BE-E0B5-66F9-FD2BCB6BD861}.Debug|Any CPU.Build.0 = Debug|Any CPU
		{67C9C122-67BE-E0B5-66F9-FD2BCB6BD861}.Release|Any CPU.ActiveCfg = Release|Any CPU
		{67C9C122-67BE-E0B5-66F9-FD2BCB6BD861}.Release|Any CPU.Build.0 = Release|Any CPU
	EndGlobalSection
	GlobalSection(SolutionProperties) = preSolution
		HideSolutionNode = FALSE
	EndGlobalSection
EndGlobal
